
Microsoft Visual Studio Solution File, Format Version 12.00
# Visual Studio Version 16
VisualStudioVersion = 16.0.30114.105
MinimumVisualStudioVersion = 10.0.40219.1
Project("{2150E333-8FDC-42A3-9474-1A3956D46DE8}") = "Services", "Services", "{84351917-5BE2-4E4C-84D0-058A0B140FEB}"
EndProject
Project("{2150E333-8FDC-42A3-9474-1A3956D46DE8}") = "Catalog", "Catalog", "{C1DC685D-C213-4520-A572-EFDD523D9449}"
EndProject
Project("{FAE04EC0-301F-11D3-BF4B-00C04F79EFBC}") = "Catalog.API", "Services\Catalog\Catalog.API\Catalog.API.csproj", "{85188E0D-CE8C-4A8A-8FFE-0B66EC0407A4}"
EndProject
Project("{2150E333-8FDC-42A3-9474-1A3956D46DE8}") = "Basket", "Basket", "{660827BB-9F57-4E1A-9FFA-00FBD6A620B8}"
EndProject
Project("{FAE04EC0-301F-11D3-BF4B-00C04F79EFBC}") = "Basket.API", "Services\Basket\Basket.API\Basket.API.csproj", "{AAF4D4F8-4EB3-4404-BC72-8E753AFE751C}"
EndProject
Project("{2150E333-8FDC-42A3-9474-1A3956D46DE8}") = "Discount", "Discount", "{40D7AB3C-D99D-4759-B9AB-D7A342A3A1B7}"
EndProject
Project("{FAE04EC0-301F-11D3-BF4B-00C04F79EFBC}") = "Discount.API", "Services\Discount\Discount.API\Discount.API.csproj", "{9A40FFD3-0BA8-4F50-9E41-6A4E4FFF726C}"
EndProject
Project("{FAE04EC0-301F-11D3-BF4B-00C04F79EFBC}") = "Discount.gRPC", "Services\Discount\Discount.gRPC\Discount.gRPC.csproj", "{24B0B4B1-4E07-4A75-80A6-DCAFD1E717F4}"
EndProject
Project("{2150E333-8FDC-42A3-9474-1A3956D46DE8}") = "Ordering", "Ordering", "{9C633D76-BBD0-4884-BE15-17773DCB3E0E}"
EndProject
Project("{FAE04EC0-301F-11D3-BF4B-00C04F79EFBC}") = "Ordering.API", "Services\Ordering\Ordering.API\Ordering.API.csproj", "{02325101-99B2-4636-8EDF-9D017205365C}"
EndProject
Global
	GlobalSection(SolutionConfigurationPlatforms) = preSolution
		Debug|Any CPU = Debug|Any CPU
		Debug|x64 = Debug|x64
		Debug|x86 = Debug|x86
		Release|Any CPU = Release|Any CPU
		Release|x64 = Release|x64
		Release|x86 = Release|x86
	EndGlobalSection
	GlobalSection(SolutionProperties) = preSolution
		HideSolutionNode = FALSE
	EndGlobalSection
	GlobalSection(ProjectConfigurationPlatforms) = postSolution
		{85188E0D-CE8C-4A8A-8FFE-0B66EC0407A4}.Debug|Any CPU.ActiveCfg = Debug|Any CPU
		{85188E0D-CE8C-4A8A-8FFE-0B66EC0407A4}.Debug|Any CPU.Build.0 = Debug|Any CPU
		{85188E0D-CE8C-4A8A-8FFE-0B66EC0407A4}.Debug|x64.ActiveCfg = Debug|Any CPU
		{85188E0D-CE8C-4A8A-8FFE-0B66EC0407A4}.Debug|x64.Build.0 = Debug|Any CPU
		{85188E0D-CE8C-4A8A-8FFE-0B66EC0407A4}.Debug|x86.ActiveCfg = Debug|Any CPU
		{85188E0D-CE8C-4A8A-8FFE-0B66EC0407A4}.Debug|x86.Build.0 = Debug|Any CPU
		{85188E0D-CE8C-4A8A-8FFE-0B66EC0407A4}.Release|Any CPU.ActiveCfg = Release|Any CPU
		{85188E0D-CE8C-4A8A-8FFE-0B66EC0407A4}.Release|Any CPU.Build.0 = Release|Any CPU
		{85188E0D-CE8C-4A8A-8FFE-0B66EC0407A4}.Release|x64.ActiveCfg = Release|Any CPU
		{85188E0D-CE8C-4A8A-8FFE-0B66EC0407A4}.Release|x64.Build.0 = Release|Any CPU
		{85188E0D-CE8C-4A8A-8FFE-0B66EC0407A4}.Release|x86.ActiveCfg = Release|Any CPU
		{85188E0D-CE8C-4A8A-8FFE-0B66EC0407A4}.Release|x86.Build.0 = Release|Any CPU
		{AAF4D4F8-4EB3-4404-BC72-8E753AFE751C}.Debug|Any CPU.ActiveCfg = Debug|Any CPU
		{AAF4D4F8-4EB3-4404-BC72-8E753AFE751C}.Debug|Any CPU.Build.0 = Debug|Any CPU
		{AAF4D4F8-4EB3-4404-BC72-8E753AFE751C}.Debug|x64.ActiveCfg = Debug|Any CPU
		{AAF4D4F8-4EB3-4404-BC72-8E753AFE751C}.Debug|x64.Build.0 = Debug|Any CPU
		{AAF4D4F8-4EB3-4404-BC72-8E753AFE751C}.Debug|x86.ActiveCfg = Debug|Any CPU
		{AAF4D4F8-4EB3-4404-BC72-8E753AFE751C}.Debug|x86.Build.0 = Debug|Any CPU
		{AAF4D4F8-4EB3-4404-BC72-8E753AFE751C}.Release|Any CPU.ActiveCfg = Release|Any CPU
		{AAF4D4F8-4EB3-4404-BC72-8E753AFE751C}.Release|Any CPU.Build.0 = Release|Any CPU
		{AAF4D4F8-4EB3-4404-BC72-8E753AFE751C}.Release|x64.ActiveCfg = Release|Any CPU
		{AAF4D4F8-4EB3-4404-BC72-8E753AFE751C}.Release|x64.Build.0 = Release|Any CPU
		{AAF4D4F8-4EB3-4404-BC72-8E753AFE751C}.Release|x86.ActiveCfg = Release|Any CPU
		{AAF4D4F8-4EB3-4404-BC72-8E753AFE751C}.Release|x86.Build.0 = Release|Any CPU
		{9A40FFD3-0BA8-4F50-9E41-6A4E4FFF726C}.Debug|Any CPU.ActiveCfg = Debug|Any CPU
		{9A40FFD3-0BA8-4F50-9E41-6A4E4FFF726C}.Debug|Any CPU.Build.0 = Debug|Any CPU
		{9A40FFD3-0BA8-4F50-9E41-6A4E4FFF726C}.Debug|x64.ActiveCfg = Debug|Any CPU
		{9A40FFD3-0BA8-4F50-9E41-6A4E4FFF726C}.Debug|x64.Build.0 = Debug|Any CPU
		{9A40FFD3-0BA8-4F50-9E41-6A4E4FFF726C}.Debug|x86.ActiveCfg = Debug|Any CPU
		{9A40FFD3-0BA8-4F50-9E41-6A4E4FFF726C}.Debug|x86.Build.0 = Debug|Any CPU
		{9A40FFD3-0BA8-4F50-9E41-6A4E4FFF726C}.Release|Any CPU.ActiveCfg = Release|Any CPU
		{9A40FFD3-0BA8-4F50-9E41-6A4E4FFF726C}.Release|Any CPU.Build.0 = Release|Any CPU
		{9A40FFD3-0BA8-4F50-9E41-6A4E4FFF726C}.Release|x64.ActiveCfg = Release|Any CPU
		{9A40FFD3-0BA8-4F50-9E41-6A4E4FFF726C}.Release|x64.Build.0 = Release|Any CPU
		{9A40FFD3-0BA8-4F50-9E41-6A4E4FFF726C}.Release|x86.ActiveCfg = Release|Any CPU
		{9A40FFD3-0BA8-4F50-9E41-6A4E4FFF726C}.Release|x86.Build.0 = Release|Any CPU
		{24B0B4B1-4E07-4A75-80A6-DCAFD1E717F4}.Debug|Any CPU.ActiveCfg = Debug|Any CPU
		{24B0B4B1-4E07-4A75-80A6-DCAFD1E717F4}.Debug|Any CPU.Build.0 = Debug|Any CPU
		{24B0B4B1-4E07-4A75-80A6-DCAFD1E717F4}.Debug|x64.ActiveCfg = Debug|Any CPU
		{24B0B4B1-4E07-4A75-80A6-DCAFD1E717F4}.Debug|x64.Build.0 = Debug|Any CPU
		{24B0B4B1-4E07-4A75-80A6-DCAFD1E717F4}.Debug|x86.ActiveCfg = Debug|Any CPU
		{24B0B4B1-4E07-4A75-80A6-DCAFD1E717F4}.Debug|x86.Build.0 = Debug|Any CPU
		{24B0B4B1-4E07-4A75-80A6-DCAFD1E717F4}.Release|Any CPU.ActiveCfg = Release|Any CPU
		{24B0B4B1-4E07-4A75-80A6-DCAFD1E717F4}.Release|Any CPU.Build.0 = Release|Any CPU
		{24B0B4B1-4E07-4A75-80A6-DCAFD1E717F4}.Release|x64.ActiveCfg = Release|Any CPU
		{24B0B4B1-4E07-4A75-80A6-DCAFD1E717F4}.Release|x64.Build.0 = Release|Any CPU
		{24B0B4B1-4E07-4A75-80A6-DCAFD1E717F4}.Release|x86.ActiveCfg = Release|Any CPU
		{24B0B4B1-4E07-4A75-80A6-DCAFD1E717F4}.Release|x86.Build.0 = Release|Any CPU
		{02325101-99B2-4636-8EDF-9D017205365C}.Debug|Any CPU.ActiveCfg = Debug|Any CPU
		{02325101-99B2-4636-8EDF-9D017205365C}.Debug|Any CPU.Build.0 = Debug|Any CPU
		{02325101-99B2-4636-8EDF-9D017205365C}.Debug|x64.ActiveCfg = Debug|Any CPU
		{02325101-99B2-4636-8EDF-9D017205365C}.Debug|x64.Build.0 = Debug|Any CPU
		{02325101-99B2-4636-8EDF-9D017205365C}.Debug|x86.ActiveCfg = Debug|Any CPU
		{02325101-99B2-4636-8EDF-9D017205365C}.Debug|x86.Build.0 = Debug|Any CPU
		{02325101-99B2-4636-8EDF-9D017205365C}.Release|Any CPU.ActiveCfg = Release|Any CPU
		{02325101-99B2-4636-8EDF-9D017205365C}.Release|Any CPU.Build.0 = Release|Any CPU
		{02325101-99B2-4636-8EDF-9D017205365C}.Release|x64.ActiveCfg = Release|Any CPU
		{02325101-99B2-4636-8EDF-9D017205365C}.Release|x64.Build.0 = Release|Any CPU
		{02325101-99B2-4636-8EDF-9D017205365C}.Release|x86.ActiveCfg = Release|Any CPU
		{02325101-99B2-4636-8EDF-9D017205365C}.Release|x86.Build.0 = Release|Any CPU
	EndGlobalSection
	GlobalSection(NestedProjects) = preSolution
		{C1DC685D-C213-4520-A572-EFDD523D9449} = {84351917-5BE2-4E4C-84D0-058A0B140FEB}
		{85188E0D-CE8C-4A8A-8FFE-0B66EC0407A4} = {C1DC685D-C213-4520-A572-EFDD523D9449}
		{660827BB-9F57-4E1A-9FFA-00FBD6A620B8} = {84351917-5BE2-4E4C-84D0-058A0B140FEB}
		{AAF4D4F8-4EB3-4404-BC72-8E753AFE751C} = {660827BB-9F57-4E1A-9FFA-00FBD6A620B8}
		{40D7AB3C-D99D-4759-B9AB-D7A342A3A1B7} = {84351917-5BE2-4E4C-84D0-058A0B140FEB}
		{9A40FFD3-0BA8-4F50-9E41-6A4E4FFF726C} = {40D7AB3C-D99D-4759-B9AB-D7A342A3A1B7}
		{24B0B4B1-4E07-4A75-80A6-DCAFD1E717F4} = {40D7AB3C-D99D-4759-B9AB-D7A342A3A1B7}
		{9C633D76-BBD0-4884-BE15-17773DCB3E0E} = {84351917-5BE2-4E4C-84D0-058A0B140FEB}
		{02325101-99B2-4636-8EDF-9D017205365C} = {9C633D76-BBD0-4884-BE15-17773DCB3E0E}
	EndGlobalSection
EndGlobal
